
Microsoft Visual Studio Solution File, Format Version 12.00
# Visual Studio Version 17
VisualStudioVersion = 17.13.35507.96
MinimumVisualStudioVersion = 10.0.40219.1
Project("{2150E333-8FDC-42A3-9474-1A3956D46DE8}") = "scr", "scr", "{02EA681E-C7D8-13C7-8484-4AC65E1B71E8}"
EndProject
Project("{FAE04EC0-301F-11D3-BF4B-00C04F79EFBC}") = "PCF.API", "PCF.API\PCF.API.csproj", "{92174AA9-F8AD-4E19-B1F8-7F740C753ADE}"
EndProject
Project("{FAE04EC0-301F-11D3-BF4B-00C04F79EFBC}") = "PCF.SPA", "PCF.SPA\PCF.SPA.csproj", "{8A1B9125-B4B0-401F-A32B-8B8A5E582756}"
EndProject
Project("{FAE04EC0-301F-11D3-BF4B-00C04F79EFBC}") = "PCF.Data", "PCF.Data\PCF.Data.csproj", "{06026C85-08A4-4134-87CE-CFDE91778CC8}"
EndProject
Global
	GlobalSection(SolutionConfigurationPlatforms) = preSolution
		Debug|Any CPU = Debug|Any CPU
		Release|Any CPU = Release|Any CPU
	EndGlobalSection
	GlobalSection(ProjectConfigurationPlatforms) = postSolution
		{92174AA9-F8AD-4E19-B1F8-7F740C753ADE}.Debug|Any CPU.ActiveCfg = Debug|Any CPU
		{92174AA9-F8AD-4E19-B1F8-7F740C753ADE}.Debug|Any CPU.Build.0 = Debug|Any CPU
		{92174AA9-F8AD-4E19-B1F8-7F740C753ADE}.Release|Any CPU.ActiveCfg = Release|Any CPU
		{92174AA9-F8AD-4E19-B1F8-7F740C753ADE}.Release|Any CPU.Build.0 = Release|Any CPU
		{8A1B9125-B4B0-401F-A32B-8B8A5E582756}.Debug|Any CPU.ActiveCfg = Debug|Any CPU
		{8A1B9125-B4B0-401F-A32B-8B8A5E582756}.Debug|Any CPU.Build.0 = Debug|Any CPU
		{8A1B9125-B4B0-401F-A32B-8B8A5E582756}.Release|Any CPU.ActiveCfg = Release|Any CPU
		{8A1B9125-B4B0-401F-A32B-8B8A5E582756}.Release|Any CPU.Build.0 = Release|Any CPU
		{06026C85-08A4-4134-87CE-CFDE91778CC8}.Debug|Any CPU.ActiveCfg = Debug|Any CPU
		{06026C85-08A4-4134-87CE-CFDE91778CC8}.Debug|Any CPU.Build.0 = Debug|Any CPU
		{06026C85-08A4-4134-87CE-CFDE91778CC8}.Release|Any CPU.ActiveCfg = Release|Any CPU
		{06026C85-08A4-4134-87CE-CFDE91778CC8}.Release|Any CPU.Build.0 = Release|Any CPU
	EndGlobalSection
	GlobalSection(SolutionProperties) = preSolution
		HideSolutionNode = FALSE
	EndGlobalSection
	GlobalSection(NestedProjects) = preSolution
		{92174AA9-F8AD-4E19-B1F8-7F740C753ADE} = {02EA681E-C7D8-13C7-8484-4AC65E1B71E8}
		{8A1B9125-B4B0-401F-A32B-8B8A5E582756} = {02EA681E-C7D8-13C7-8484-4AC65E1B71E8}
		{06026C85-08A4-4134-87CE-CFDE91778CC8} = {02EA681E-C7D8-13C7-8484-4AC65E1B71E8}
	EndGlobalSection
	GlobalSection(ExtensibilityGlobals) = postSolution
		SolutionGuid = {37A9FB24-B1FC-4BFD-AC2F-A9DC8D156032}
	EndGlobalSection
EndGlobal
